
Microsoft Visual Studio Solution File, Format Version 12.00
# Visual Studio Version 17
VisualStudioVersion = 17.9.34723.18
MinimumVisualStudioVersion = 10.0.40219.1
Project("{9A19103F-16F7-4668-BE54-9A1E7A4F7556}") = "Scuffed-AntiCheat", "src\Scuffed-AntiCheat.csproj", "{694E60EA-5064-460B-9840-EA1FDDD8CB8C}"
EndProject
Global
	GlobalSection(SolutionConfigurationPlatforms) = preSolution
		Debug|Any CPU = Debug|Any CPU
		Release|Any CPU = Release|Any CPU
	EndGlobalSection
	GlobalSection(ProjectConfigurationPlatforms) = postSolution
		{694E60EA-5064-460B-9840-EA1FDDD8CB8C}.Debug|Any CPU.ActiveCfg = Debug|Any CPU
		{694E60EA-5064-460B-9840-EA1FDDD8CB8C}.Debug|Any CPU.Build.0 = Debug|Any CPU
		{694E60EA-5064-460B-9840-EA1FDDD8CB8C}.Release|Any CPU.ActiveCfg = Release|Any CPU
		{694E60EA-5064-460B-9840-EA1FDDD8CB8C}.Release|Any CPU.Build.0 = Release|Any CPU
	EndGlobalSection
	GlobalSection(SolutionProperties) = preSolution
		HideSolutionNode = FALSE
	EndGlobalSection
	GlobalSection(ExtensibilityGlobals) = postSolution
		SolutionGuid = {8E7D1BD5-387C-4C97-BE34-AF7671B32E81}
	EndGlobalSection
EndGlobal
